
Microsoft Visual Studio Solution File, Format Version 12.00
# Visual Studio Version 17
VisualStudioVersion = 17.4.33213.308
MinimumVisualStudioVersion = 10.0.40219.1
Project("{FAE04EC0-301F-11D3-BF4B-00C04F79EFBC}") = "BankingSystemOOPDay2", "BankingSystemOOPDay2\BankingSystemOOPDay2.csproj", "{5D6E37DC-4433-437D-8C26-98BB68568330}"
EndProject
Global
	GlobalSection(SolutionConfigurationPlatforms) = preSolution
		Debug|Any CPU = Debug|Any CPU
		Release|Any CPU = Release|Any CPU
	EndGlobalSection
	GlobalSection(ProjectConfigurationPlatforms) = postSolution
		{5D6E37DC-4433-437D-8C26-98BB68568330}.Debug|Any CPU.ActiveCfg = Debug|Any CPU
		{5D6E37DC-4433-437D-8C26-98BB68568330}.Debug|Any CPU.Build.0 = Debug|Any CPU
		{5D6E37DC-4433-437D-8C26-98BB68568330}.Release|Any CPU.ActiveCfg = Release|Any CPU
		{5D6E37DC-4433-437D-8C26-98BB68568330}.Release|Any CPU.Build.0 = Release|Any CPU
	EndGlobalSection
	GlobalSection(SolutionProperties) = preSolution
		HideSolutionNode = FALSE
	EndGlobalSection
	GlobalSection(ExtensibilityGlobals) = postSolution
		SolutionGuid = {72CBC9DA-75FD-4603-A615-6E5543D02C03}
	EndGlobalSection
EndGlobal
